
Microsoft Visual Studio Solution File, Format Version 12.00
# Visual Studio 2017
Project("{FAE04EC0-301F-11D3-BF4B-00C04F79EFBC}") = "MVP - 1", "MVP - 1.csproj", "{152D96C7-25F1-325E-41AE-149CD463B95B}"
EndProject
Project("{FAE04EC0-301F-11D3-BF4B-00C04F79EFBC}") = "MVP - 1.Editor", "MVP - 1.Editor.csproj", "{603B259F-6821-12A1-8B14-B42E6E811BC9}"
EndProject
Global
	GlobalSection(SolutionConfigurationPlatforms) = preSolution
		Debug|Any CPU = Debug|Any CPU
		Release|Any CPU = Release|Any CPU
	EndGlobalSection
	GlobalSection(ProjectConfigurationPlatforms) = postSolution
		{152D96C7-25F1-325E-41AE-149CD463B95B}.Debug|Any CPU.ActiveCfg = Debug|Any CPU
		{152D96C7-25F1-325E-41AE-149CD463B95B}.Debug|Any CPU.Build.0 = Debug|Any CPU
		{152D96C7-25F1-325E-41AE-149CD463B95B}.Release|Any CPU.ActiveCfg = Release|Any CPU
		{152D96C7-25F1-325E-41AE-149CD463B95B}.Release|Any CPU.Build.0 = Release|Any CPU
		{603B259F-6821-12A1-8B14-B42E6E811BC9}.Debug|Any CPU.ActiveCfg = Debug|Any CPU
		{603B259F-6821-12A1-8B14-B42E6E811BC9}.Debug|Any CPU.Build.0 = Debug|Any CPU
		{603B259F-6821-12A1-8B14-B42E6E811BC9}.Release|Any CPU.ActiveCfg = Release|Any CPU
		{603B259F-6821-12A1-8B14-B42E6E811BC9}.Release|Any CPU.Build.0 = Release|Any CPU
	EndGlobalSection
	GlobalSection(SolutionProperties) = preSolution
		HideSolutionNode = FALSE
	EndGlobalSection
EndGlobal
